
Microsoft Visual Studio Solution File, Format Version 12.00
# Visual Studio Version 16
VisualStudioVersion = 16.0.30104.148
MinimumVisualStudioVersion = 10.0.40219.1
Project("{9A19103F-16F7-4668-BE54-9A1E7A4F7556}") = "OOP2", "enginhoca5\OOP2.csproj", "{C20CE189-852A-4E3B-A12F-FB6183CAA4EF}"
EndProject
Project("{FAE04EC0-301F-11D3-BF4B-00C04F79EFBC}") = "Oop3", "Oop3\Oop3.csproj", "{864AF76A-927B-4284-BB07-91CBD61987F3}"
EndProject
Global
	GlobalSection(SolutionConfigurationPlatforms) = preSolution
		Debug|Any CPU = Debug|Any CPU
		Release|Any CPU = Release|Any CPU
	EndGlobalSection
	GlobalSection(ProjectConfigurationPlatforms) = postSolution
		{C20CE189-852A-4E3B-A12F-FB6183CAA4EF}.Debug|Any CPU.ActiveCfg = Debug|Any CPU
		{C20CE189-852A-4E3B-A12F-FB6183CAA4EF}.Debug|Any CPU.Build.0 = Debug|Any CPU
		{C20CE189-852A-4E3B-A12F-FB6183CAA4EF}.Release|Any CPU.ActiveCfg = Release|Any CPU
		{C20CE189-852A-4E3B-A12F-FB6183CAA4EF}.Release|Any CPU.Build.0 = Release|Any CPU
		{864AF76A-927B-4284-BB07-91CBD61987F3}.Debug|Any CPU.ActiveCfg = Debug|Any CPU
		{864AF76A-927B-4284-BB07-91CBD61987F3}.Debug|Any CPU.Build.0 = Debug|Any CPU
		{864AF76A-927B-4284-BB07-91CBD61987F3}.Release|Any CPU.ActiveCfg = Release|Any CPU
		{864AF76A-927B-4284-BB07-91CBD61987F3}.Release|Any CPU.Build.0 = Release|Any CPU
	EndGlobalSection
	GlobalSection(SolutionProperties) = preSolution
		HideSolutionNode = FALSE
	EndGlobalSection
	GlobalSection(ExtensibilityGlobals) = postSolution
		SolutionGuid = {D459A844-0449-4929-B468-1D48401B3642}
	EndGlobalSection
EndGlobal
